
Microsoft Visual Studio Solution File, Format Version 12.00
# Visual Studio Version 17
VisualStudioVersion = 17.0.32014.148
MinimumVisualStudioVersion = 10.0.40219.1
Project("{9A19103F-16F7-4668-BE54-9A1E7A4F7556}") = "fiapweb2022", "src\fiap.web\fiapweb2022.csproj", "{FA7EA468-2C82-4B7E-968D-39AEE79B148B}"
EndProject
Project("{FAE04EC0-301F-11D3-BF4B-00C04F79EFBC}") = "fiapweb2022.core", "src\fiap.core\fiapweb2022.core\fiapweb2022.core.csproj", "{CC4A96C5-76E4-49E5-9763-5D39EE18CAE0}"
EndProject
Project("{FAE04EC0-301F-11D3-BF4B-00C04F79EFBC}") = "fiapweb2022.api", "src\fiap.api\fiapweb2022.api\fiapweb2022.api.csproj", "{F173047B-41EC-4DE2-B2A6-CFEF89340691}"
EndProject
Global
	GlobalSection(SolutionConfigurationPlatforms) = preSolution
		Debug|Any CPU = Debug|Any CPU
		Release|Any CPU = Release|Any CPU
	EndGlobalSection
	GlobalSection(ProjectConfigurationPlatforms) = postSolution
		{FA7EA468-2C82-4B7E-968D-39AEE79B148B}.Debug|Any CPU.ActiveCfg = Debug|Any CPU
		{FA7EA468-2C82-4B7E-968D-39AEE79B148B}.Debug|Any CPU.Build.0 = Debug|Any CPU
		{FA7EA468-2C82-4B7E-968D-39AEE79B148B}.Release|Any CPU.ActiveCfg = Release|Any CPU
		{FA7EA468-2C82-4B7E-968D-39AEE79B148B}.Release|Any CPU.Build.0 = Release|Any CPU
		{CC4A96C5-76E4-49E5-9763-5D39EE18CAE0}.Debug|Any CPU.ActiveCfg = Debug|Any CPU
		{CC4A96C5-76E4-49E5-9763-5D39EE18CAE0}.Debug|Any CPU.Build.0 = Debug|Any CPU
		{CC4A96C5-76E4-49E5-9763-5D39EE18CAE0}.Release|Any CPU.ActiveCfg = Release|Any CPU
		{CC4A96C5-76E4-49E5-9763-5D39EE18CAE0}.Release|Any CPU.Build.0 = Release|Any CPU
		{F173047B-41EC-4DE2-B2A6-CFEF89340691}.Debug|Any CPU.ActiveCfg = Debug|Any CPU
		{F173047B-41EC-4DE2-B2A6-CFEF89340691}.Debug|Any CPU.Build.0 = Debug|Any CPU
		{F173047B-41EC-4DE2-B2A6-CFEF89340691}.Release|Any CPU.ActiveCfg = Release|Any CPU
		{F173047B-41EC-4DE2-B2A6-CFEF89340691}.Release|Any CPU.Build.0 = Release|Any CPU
	EndGlobalSection
	GlobalSection(SolutionProperties) = preSolution
		HideSolutionNode = FALSE
	EndGlobalSection
	GlobalSection(ExtensibilityGlobals) = postSolution
		SolutionGuid = {B23C194C-A0E1-4FC1-B1D0-A12AE538B761}
	EndGlobalSection
EndGlobal
